
Microsoft Visual Studio Solution File, Format Version 11.00
# Visual Studio 2010
Project("{FAE04EC0-301F-11D3-BF4B-00C04F79EFBC}") = "NProject.Web", "NProject.Web\NProject.Web.csproj", "{A69BE0C4-6FFB-48A9-881F-F77C2816DA38}"
EndProject
Project("{FAE04EC0-301F-11D3-BF4B-00C04F79EFBC}") = "NProject.BLL", "NProject.BLL\NProject.BLL.csproj", "{12278C88-D2E6-4397-BD6B-BD15FAF44D9C}"
EndProject
Project("{FAE04EC0-301F-11D3-BF4B-00C04F79EFBC}") = "NProject.Models", "NProject.Models\NProject.Models.csproj", "{B8BA7B4B-BDC4-4121-A54D-AAF133685ACA}"
EndProject
Global
	GlobalSection(SolutionConfigurationPlatforms) = preSolution
		Debug|Any CPU = Debug|Any CPU
		Release|Any CPU = Release|Any CPU
	EndGlobalSection
	GlobalSection(ProjectConfigurationPlatforms) = postSolution
		{B8BA7B4B-BDC4-4121-A54D-AAF133685ACA}.Debug|Any CPU.ActiveCfg = Debug|Any CPU
		{B8BA7B4B-BDC4-4121-A54D-AAF133685ACA}.Debug|Any CPU.Build.0 = Debug|Any CPU
		{B8BA7B4B-BDC4-4121-A54D-AAF133685ACA}.Release|Any CPU.ActiveCfg = Release|Any CPU
		{B8BA7B4B-BDC4-4121-A54D-AAF133685ACA}.Release|Any CPU.Build.0 = Release|Any CPU
		{12278C88-D2E6-4397-BD6B-BD15FAF44D9C}.Debug|Any CPU.ActiveCfg = Debug|Any CPU
		{12278C88-D2E6-4397-BD6B-BD15FAF44D9C}.Debug|Any CPU.Build.0 = Debug|Any CPU
		{12278C88-D2E6-4397-BD6B-BD15FAF44D9C}.Release|Any CPU.ActiveCfg = Release|Any CPU
		{12278C88-D2E6-4397-BD6B-BD15FAF44D9C}.Release|Any CPU.Build.0 = Release|Any CPU
		{A69BE0C4-6FFB-48A9-881F-F77C2816DA38}.Debug|Any CPU.ActiveCfg = Debug|Any CPU
		{A69BE0C4-6FFB-48A9-881F-F77C2816DA38}.Debug|Any CPU.Build.0 = Debug|Any CPU
		{A69BE0C4-6FFB-48A9-881F-F77C2816DA38}.Release|Any CPU.ActiveCfg = Release|Any CPU
		{A69BE0C4-6FFB-48A9-881F-F77C2816DA38}.Release|Any CPU.Build.0 = Release|Any CPU
	EndGlobalSection
	GlobalSection(SolutionProperties) = preSolution
		HideSolutionNode = FALSE
	EndGlobalSection
	GlobalSection(ExtensibilityGlobals) = postSolution
		EnterpriseLibraryConfigurationToolBinariesPath = packages\Unity.2.1.505.0\lib\NET35
	EndGlobalSection
EndGlobal
